{
  "name": "static",
  "lockfileVersion": 2,
  "requires": true,
  "packages": {
    "": {
      "license": "GPL-3.0",
      "dependencies": {
        "bootstrap": "^4.6.2",
        "font-awesome": "^4.7.0",
        "jquery": "~3.5.1",
        "select2": "^4.0.13",
        "select2-bootstrap-theme": "0.1.0-beta.10"
      }
    },
    "node_modules/bootstrap": {
      "version": "4.6.2",
      "resolved": "https://registry.npmjs.org/bootstrap/-/bootstrap-4.6.2.tgz",
      "integrity": "sha512-51Bbp/Uxr9aTuy6ca/8FbFloBUJZLHwnhTcnjIeRn2suQWsWzcuJhGjKDB5eppVte/8oCdOL3VuwxvZDUggwGQ==",
      "funding": [
        {
          "type": "github",
          "url": "https://github.com/sponsors/twbs"
        },
        {
          "type": "opencollective",
          "url": "https://opencollective.com/bootstrap"
        }
      ],
      "peerDependencies": {
        "jquery": "1.9.1 - 3",
        "popper.js": "^1.16.1"
      }
    },
    "node_modules/font-awesome": {
      "version": "4.7.0",
      "resolved": "https://registry.npmjs.org/font-awesome/-/font-awesome-4.7.0.tgz",
      "integrity": "sha1-j6jPBBGhoxr9B7BtKQK7n8gVoTM=",
      "engines": {
        "node": ">=0.10.3"
      }
    },
    "node_modules/jquery": {
      "version": "3.5.1",
      "resolved": "https://registry.npmjs.org/jquery/-/jquery-3.5.1.tgz",
      "integrity": "sha512-XwIBPqcMn57FxfT+Go5pzySnm4KWkT1Tv7gjrpT1srtf8Weynl6R273VJ5GjkRb51IzMp5nbaPjJXMWeju2MKg=="
    },
    "node_modules/popper.js": {
      "version": "1.16.1",
      "resolved": "https://registry.npmjs.org/popper.js/-/popper.js-1.16.1.tgz",
      "integrity": "sha512-Wb4p1J4zyFTbM+u6WuO4XstYx4Ky9Cewe4DWrel7B0w6VVICvPwdOpotjzcf6eD8TsckVnIMNONQyPIUFOUbCQ==",
      "deprecated": "You can find the new Popper v2 at @popperjs/core, this package is dedicated to the legacy v1",
      "peer": true,
      "funding": {
        "type": "opencollective",
        "url": "https://opencollective.com/popperjs"
      }
    },
    "node_modules/select2": {
      "version": "4.0.13",
      "resolved": "https://registry.npmjs.org/select2/-/select2-4.0.13.tgz",
      "integrity": "sha512-1JeB87s6oN/TDxQQYCvS5EFoQyvV6eYMZZ0AeA4tdFDYWN3BAGZ8npr17UBFddU0lgAt3H0yjX3X6/ekOj1yjw=="
    },
    "node_modules/select2-bootstrap-theme": {
      "version": "0.1.0-beta.10",
      "resolved": "https://registry.npmjs.org/select2-bootstrap-theme/-/select2-bootstrap-theme-0.1.0-beta.10.tgz",
      "integrity": "sha1-uUJuz8A79KI152oTI3dXQxBGmsA="
    }
  },
  "dependencies": {
    "bootstrap": {
      "version": "4.6.2",
      "resolved": "https://registry.npmjs.org/bootstrap/-/bootstrap-4.6.2.tgz",
      "integrity": "sha512-51Bbp/Uxr9aTuy6ca/8FbFloBUJZLHwnhTcnjIeRn2suQWsWzcuJhGjKDB5eppVte/8oCdOL3VuwxvZDUggwGQ==",
      "requires": {}
    },
    "font-awesome": {
      "version": "4.7.0",
      "resolved": "https://registry.npmjs.org/font-awesome/-/font-awesome-4.7.0.tgz",
      "integrity": "sha1-j6jPBBGhoxr9B7BtKQK7n8gVoTM="
    },
    "jquery": {
      "version": "3.5.1",
      "resolved": "https://registry.npmjs.org/jquery/-/jquery-3.5.1.tgz",
      "integrity": "sha512-XwIBPqcMn57FxfT+Go5pzySnm4KWkT1Tv7gjrpT1srtf8Weynl6R273VJ5GjkRb51IzMp5nbaPjJXMWeju2MKg=="
    },
    "popper.js": {
      "version": "1.16.1",
      "resolved": "https://registry.npmjs.org/popper.js/-/popper.js-1.16.1.tgz",
      "integrity": "sha512-Wb4p1J4zyFTbM+u6WuO4XstYx4Ky9Cewe4DWrel7B0w6VVICvPwdOpotjzcf6eD8TsckVnIMNONQyPIUFOUbCQ==",
      "peer": true
    },
    "select2": {
      "version": "4.0.13",
      "resolved": "https://registry.npmjs.org/select2/-/select2-4.0.13.tgz",
      "integrity": "sha512-1JeB87s6oN/TDxQQYCvS5EFoQyvV6eYMZZ0AeA4tdFDYWN3BAGZ8npr17UBFddU0lgAt3H0yjX3X6/ekOj1yjw=="
    },
    "select2-bootstrap-theme": {
      "version": "0.1.0-beta.10",
      "resolved": "https://registry.npmjs.org/select2-bootstrap-theme/-/select2-bootstrap-theme-0.1.0-beta.10.tgz",
      "integrity": "sha1-uUJuz8A79KI152oTI3dXQxBGmsA="
    }
  }
}
